// !$*UTF8*$!
{
	archiveVersion = 1;
	classes = {
	};
	objectVersion = 56;
	objects = {

/* Begin PBXBuildFile section */
		2C4EB02029F19A91008D0D5F /* SearchSecondViewGenre.swift in Sources */ = {isa = PBXBuildFile; fileRef = 2C4EB01F29F19A91008D0D5F /* SearchSecondViewGenre.swift */; };
		2C4EB02229F19B9A008D0D5F /* SearchSecondViewScreen.swift in Sources */ = {isa = PBXBuildFile; fileRef = 2C4EB02129F19B9A008D0D5F /* SearchSecondViewScreen.swift */; };
		2C4EB02429F19C60008D0D5F /* SearchAlbumsView.swift in Sources */ = {isa = PBXBuildFile; fileRef = 2C4EB02329F19C60008D0D5F /* SearchAlbumsView.swift */; };
		2C4EB02629F19CBA008D0D5F /* SearchView.swift in Sources */ = {isa = PBXBuildFile; fileRef = 2C4EB02529F19CBA008D0D5F /* SearchView.swift */; };
		2C89866829D957490084F508 /* AppleMusicSwiftUIApp.swift in Sources */ = {isa = PBXBuildFile; fileRef = 2C89866729D957490084F508 /* AppleMusicSwiftUIApp.swift */; };
		2C89866A29D957490084F508 /* ContentView.swift in Sources */ = {isa = PBXBuildFile; fileRef = 2C89866929D957490084F508 /* ContentView.swift */; };
		2C89866C29D9574B0084F508 /* Assets.xcassets in Resources */ = {isa = PBXBuildFile; fileRef = 2C89866B29D9574B0084F508 /* Assets.xcassets */; };
		2C89866F29D9574B0084F508 /* Preview Assets.xcassets in Resources */ = {isa = PBXBuildFile; fileRef = 2C89866E29D9574B0084F508 /* Preview Assets.xcassets */; };
		2C89867929D95AB10084F508 /* LiberyView.swift in Sources */ = {isa = PBXBuildFile; fileRef = 2C89867829D95AB10084F508 /* LiberyView.swift */; };
		2C89867B29D95B120084F508 /* Libery.swift in Sources */ = {isa = PBXBuildFile; fileRef = 2C89867A29D95B120084F508 /* Libery.swift */; };
		2C89867D29D95B640084F508 /* ListView.swift in Sources */ = {isa = PBXBuildFile; fileRef = 2C89867C29D95B640084F508 /* ListView.swift */; };
		2C89867F29D95BC30084F508 /* TapBarView.swift in Sources */ = {isa = PBXBuildFile; fileRef = 2C89867E29D95BC30084F508 /* TapBarView.swift */; };
		2C89868129D95C7B0084F508 /* PlayerView.swift in Sources */ = {isa = PBXBuildFile; fileRef = 2C89868029D95C7B0084F508 /* PlayerView.swift */; };
		2C89868429D95CFB0084F508 /* Model.swift in Sources */ = {isa = PBXBuildFile; fileRef = 2C89868329D95CFB0084F508 /* Model.swift */; };
		2C94C53B29E1609000AA643F /* RadioStationView.swift in Sources */ = {isa = PBXBuildFile; fileRef = 2C94C53A29E1609000AA643F /* RadioStationView.swift */; };
		2C94C53F29E160DE00AA643F /* ModelForRadioStationView.swift in Sources */ = {isa = PBXBuildFile; fileRef = 2C94C53E29E160DE00AA643F /* ModelForRadioStationView.swift */; };
		2C94C54229E1633A00AA643F /* GenreStationsView.swift in Sources */ = {isa = PBXBuildFile; fileRef = 2C94C54129E1633A00AA643F /* GenreStationsView.swift */; };
		2C94C54429E1635A00AA643F /* ModelStationGenreView.swift in Sources */ = {isa = PBXBuildFile; fileRef = 2C94C54329E1635A00AA643F /* ModelStationGenreView.swift */; };
		2C94C54629E165E900AA643F /* RadioContentView.swift in Sources */ = {isa = PBXBuildFile; fileRef = 2C94C54529E165E900AA643F /* RadioContentView.swift */; };
/* End PBXBuildFile section */

/* Begin PBXFileReference section */
		2C4EB01F29F19A91008D0D5F /* SearchSecondViewGenre.swift */ = {isa = PBXFileReference; lastKnownFileType = sourcecode.swift; path = SearchSecondViewGenre.swift; sourceTree = "<group>"; };
		2C4EB02129F19B9A008D0D5F /* SearchSecondViewScreen.swift */ = {isa = PBXFileReference; lastKnownFileType = sourcecode.swift; path = SearchSecondViewScreen.swift; sourceTree = "<group>"; };
		2C4EB02329F19C60008D0D5F /* SearchAlbumsView.swift */ = {isa = PBXFileReference; lastKnownFileType = sourcecode.swift; path = SearchAlbumsView.swift; sourceTree = "<group>"; };
		2C4EB02529F19CBA008D0D5F /* SearchView.swift */ = {isa = PBXFileReference; lastKnownFileType = sourcecode.swift; path = SearchView.swift; sourceTree = "<group>"; };
		2C89866429D957490084F508 /* AppleMusicSwiftUI.app */ = {isa = PBXFileReference; explicitFileType = wrapper.application; includeInIndex = 0; path = AppleMusicSwiftUI.app; sourceTree = BUILT_PRODUCTS_DIR; };
		2C89866729D957490084F508 /* AppleMusicSwiftUIApp.swift */ = {isa = PBXFileReference; lastKnownFileType = sourcecode.swift; path = AppleMusicSwiftUIApp.swift; sourceTree = "<group>"; };
		2C89866929D957490084F508 /* ContentView.swift */ = {isa = PBXFileReference; lastKnownFileType = sourcecode.swift; path = ContentView.swift; sourceTree = "<group>"; };
		2C89866B29D9574B0084F508 /* Assets.xcassets */ = {isa = PBXFileReference; lastKnownFileType = folder.assetcatalog; path = Assets.xcassets; sourceTree = "<group>"; };
		2C89866E29D9574B0084F508 /* Preview Assets.xcassets */ = {isa = PBXFileReference; lastKnownFileType = folder.assetcatalog; path = "Preview Assets.xcassets"; sourceTree = "<group>"; };
		2C89867829D95AB10084F508 /* LiberyView.swift */ = {isa = PBXFileReference; lastKnownFileType = sourcecode.swift; path = LiberyView.swift; sourceTree = "<group>"; };
		2C89867A29D95B120084F508 /* Libery.swift */ = {isa = PBXFileReference; lastKnownFileType = sourcecode.swift; path = Libery.swift; sourceTree = "<group>"; };
		2C89867C29D95B640084F508 /* ListView.swift */ = {isa = PBXFileReference; lastKnownFileType = sourcecode.swift; path = ListView.swift; sourceTree = "<group>"; };
		2C89867E29D95BC30084F508 /* TapBarView.swift */ = {isa = PBXFileReference; lastKnownFileType = sourcecode.swift; path = TapBarView.swift; sourceTree = "<group>"; };
		2C89868029D95C7B0084F508 /* PlayerView.swift */ = {isa = PBXFileReference; lastKnownFileType = sourcecode.swift; path = PlayerView.swift; sourceTree = "<group>"; };
		2C89868329D95CFB0084F508 /* Model.swift */ = {isa = PBXFileReference; lastKnownFileType = sourcecode.swift; path = Model.swift; sourceTree = "<group>"; };
		2C94C53A29E1609000AA643F /* RadioStationView.swift */ = {isa = PBXFileReference; lastKnownFileType = sourcecode.swift; path = RadioStationView.swift; sourceTree = "<group>"; };
		2C94C53E29E160DE00AA643F /* ModelForRadioStationView.swift */ = {isa = PBXFileReference; lastKnownFileType = sourcecode.swift; path = ModelForRadioStationView.swift; sourceTree = "<group>"; };
		2C94C54129E1633A00AA643F /* GenreStationsView.swift */ = {isa = PBXFileReference; lastKnownFileType = sourcecode.swift; path = GenreStationsView.swift; sourceTree = "<group>"; };
		2C94C54329E1635A00AA643F /* ModelStationGenreView.swift */ = {isa = PBXFileReference; lastKnownFileType = sourcecode.swift; path = ModelStationGenreView.swift; sourceTree = "<group>"; };
		2C94C54529E165E900AA643F /* RadioContentView.swift */ = {isa = PBXFileReference; lastKnownFileType = sourcecode.swift; path = RadioContentView.swift; sourceTree = "<group>"; };
/* End PBXFileReference section */

/* Begin PBXFrameworksBuildPhase section */
		2C89866129D957490084F508 /* Frameworks */ = {
			isa = PBXFrameworksBuildPhase;
			buildActionMask = 2147483647;
			files = (
			);
			runOnlyForDeploymentPostprocessing = 0;
		};
/* End PBXFrameworksBuildPhase section */

/* Begin PBXGroup section */
		2C4EB01E29F19A43008D0D5F /* Search */ = {
			isa = PBXGroup;
			children = (
				2C4EB01F29F19A91008D0D5F /* SearchSecondViewGenre.swift */,
				2C4EB02129F19B9A008D0D5F /* SearchSecondViewScreen.swift */,
				2C4EB02329F19C60008D0D5F /* SearchAlbumsView.swift */,
				2C4EB02529F19CBA008D0D5F /* SearchView.swift */,
			);
			path = Search;
			sourceTree = "<group>";
		};
		2C89865B29D957490084F508 = {
			isa = PBXGroup;
			children = (
				2C89866629D957490084F508 /* AppleMusicSwiftUI */,
				2C89866529D957490084F508 /* Products */,
			);
			sourceTree = "<group>";
		};
		2C89866529D957490084F508 /* Products */ = {
			isa = PBXGroup;
			children = (
				2C89866429D957490084F508 /* AppleMusicSwiftUI.app */,
			);
			name = Products;
			sourceTree = "<group>";
		};
		2C89866629D957490084F508 /* AppleMusicSwiftUI */ = {
			isa = PBXGroup;
			children = (
				2C89867529D958AD0084F508 /* App */,
				2C89867629D958B40084F508 /* Views */,
				2C89867729D958C00084F508 /* Resources */,
				2C89866D29D9574B0084F508 /* Preview Content */,
			);
			path = AppleMusicSwiftUI;
			sourceTree = "<group>";
		};
		2C89866D29D9574B0084F508 /* Preview Content */ = {
			isa = PBXGroup;
			children = (
				2C89866E29D9574B0084F508 /* Preview Assets.xcassets */,
			);
			path = "Preview Content";
			sourceTree = "<group>";
		};
		2C89867529D958AD0084F508 /* App */ = {
			isa = PBXGroup;
			children = (
				2C89866729D957490084F508 /* AppleMusicSwiftUIApp.swift */,
			);
			path = App;
			sourceTree = "<group>";
		};
		2C89867629D958B40084F508 /* Views */ = {
			isa = PBXGroup;
			children = (
				2C89866929D957490084F508 /* ContentView.swift */,
				2C4EB01E29F19A43008D0D5F /* Search */,
				2C94C53929E1604D00AA643F /* Radio */,
				2CEC24A129E188AB00EA560E /* LiberyView */,
				2CEC24A029E1889700EA560E /* PlayerView */,
			);
			path = Views;
			sourceTree = "<group>";
		};
		2C89867729D958C00084F508 /* Resources */ = {
			isa = PBXGroup;
			children = (
				2C89866B29D9574B0084F508 /* Assets.xcassets */,
			);
			path = Resources;
			sourceTree = "<group>";
		};
		2C89868229D95CED0084F508 /* Model */ = {
			isa = PBXGroup;
			children = (
				2C89868329D95CFB0084F508 /* Model.swift */,
			);
			path = Model;
			sourceTree = "<group>";
		};
		2C94C53929E1604D00AA643F /* Radio */ = {
			isa = PBXGroup;
			children = (
				2C94C53C29E160AC00AA643F /* Model */,
				2C94C54029E1629700AA643F /* View */,
			);
			path = Radio;
			sourceTree = "<group>";
		};
		2C94C53C29E160AC00AA643F /* Model */ = {
			isa = PBXGroup;
			children = (
				2C94C53E29E160DE00AA643F /* ModelForRadioStationView.swift */,
				2C94C54329E1635A00AA643F /* ModelStationGenreView.swift */,
			);
			path = Model;
			sourceTree = "<group>";
		};
		2C94C54029E1629700AA643F /* View */ = {
			isa = PBXGroup;
			children = (
				2C94C53A29E1609000AA643F /* RadioStationView.swift */,
				2C94C54129E1633A00AA643F /* GenreStationsView.swift */,
				2C94C54529E165E900AA643F /* RadioContentView.swift */,
			);
			path = View;
			sourceTree = "<group>";
		};
		2CEC249F29E1888C00EA560E /* TapBar */ = {
			isa = PBXGroup;
			children = (
				2C89867E29D95BC30084F508 /* TapBarView.swift */,
			);
			path = TapBar;
			sourceTree = "<group>";
		};
		2CEC24A029E1889700EA560E /* PlayerView */ = {
			isa = PBXGroup;
			children = (
				2C89868029D95C7B0084F508 /* PlayerView.swift */,
			);
			path = PlayerView;
			sourceTree = "<group>";
		};
		2CEC24A129E188AB00EA560E /* LiberyView */ = {
			isa = PBXGroup;
			children = (
				2C89868229D95CED0084F508 /* Model */,
				2CEC249F29E1888C00EA560E /* TapBar */,
				2CEC24A229E188C800EA560E /* ListView */,
				2C89867829D95AB10084F508 /* LiberyView.swift */,
				2C89867A29D95B120084F508 /* Libery.swift */,
			);
			path = LiberyView;
			sourceTree = "<group>";
		};
		2CEC24A229E188C800EA560E /* ListView */ = {
			isa = PBXGroup;
			children = (
				2C89867C29D95B640084F508 /* ListView.swift */,
			);
			path = ListView;
			sourceTree = "<group>";
		};
/* End PBXGroup section */

/* Begin PBXNativeTarget section */
		2C89866329D957490084F508 /* AppleMusicSwiftUI */ = {
			isa = PBXNativeTarget;
			buildConfigurationList = 2C89867229D9574B0084F508 /* Build configuration list for PBXNativeTarget "AppleMusicSwiftUI" */;
			buildPhases = (
				2C89866029D957490084F508 /* Sources */,
				2C89866129D957490084F508 /* Frameworks */,
				2C89866229D957490084F508 /* Resources */,
			);
			buildRules = (
			);
			dependencies = (
			);
			name = AppleMusicSwiftUI;
			productName = AppleMusicSwiftUI;
			productReference = 2C89866429D957490084F508 /* AppleMusicSwiftUI.app */;
			productType = "com.apple.product-type.application";
		};
/* End PBXNativeTarget section */

/* Begin PBXProject section */
		2C89865C29D957490084F508 /* Project object */ = {
			isa = PBXProject;
			attributes = {
				BuildIndependentTargetsInParallel = 1;
				LastSwiftUpdateCheck = 1400;
				LastUpgradeCheck = 1400;
				TargetAttributes = {
					2C89866329D957490084F508 = {
						CreatedOnToolsVersion = 14.0.1;
					};
				};
			};
			buildConfigurationList = 2C89865F29D957490084F508 /* Build configuration list for PBXProject "AppleMusicSwiftUI" */;
			compatibilityVersion = "Xcode 14.0";
			developmentRegion = en;
			hasScannedForEncodings = 0;
			knownRegions = (
				en,
				Base,
			);
			mainGroup = 2C89865B29D957490084F508;
			productRefGroup = 2C89866529D957490084F508 /* Products */;
			projectDirPath = "";
			projectRoot = "";
			targets = (
				2C89866329D957490084F508 /* AppleMusicSwiftUI */,
			);
		};
/* End PBXProject section */

/* Begin PBXResourcesBuildPhase section */
		2C89866229D957490084F508 /* Resources */ = {
			isa = PBXResourcesBuildPhase;
			buildActionMask = 2147483647;
			files = (
				2C89866F29D9574B0084F508 /* Preview Assets.xcassets in Resources */,
				2C89866C29D9574B0084F508 /* Assets.xcassets in Resources */,
			);
			runOnlyForDeploymentPostprocessing = 0;
		};
/* End PBXResourcesBuildPhase section */

/* Begin PBXSourcesBuildPhase section */
		2C89866029D957490084F508 /* Sources */ = {
			isa = PBXSourcesBuildPhase;
			buildActionMask = 2147483647;
			files = (
				2C89867F29D95BC30084F508 /* TapBarView.swift in Sources */,
				2C89867929D95AB10084F508 /* LiberyView.swift in Sources */,
				2C89868129D95C7B0084F508 /* PlayerView.swift in Sources */,
				2C94C53B29E1609000AA643F /* RadioStationView.swift in Sources */,
				2C89866A29D957490084F508 /* ContentView.swift in Sources */,
				2C94C54429E1635A00AA643F /* ModelStationGenreView.swift in Sources */,
				2C4EB02629F19CBA008D0D5F /* SearchView.swift in Sources */,
				2C4EB02429F19C60008D0D5F /* SearchAlbumsView.swift in Sources */,
				2C94C54229E1633A00AA643F /* GenreStationsView.swift in Sources */,
				2C94C54629E165E900AA643F /* RadioContentView.swift in Sources */,
				2C4EB02229F19B9A008D0D5F /* SearchSecondViewScreen.swift in Sources */,
				2C94C53F29E160DE00AA643F /* ModelForRadioStationView.swift in Sources */,
				2C89867D29D95B640084F508 /* ListView.swift in Sources */,
				2C4EB02029F19A91008D0D5F /* SearchSecondViewGenre.swift in Sources */,
				2C89867B29D95B120084F508 /* Libery.swift in Sources */,
				2C89866829D957490084F508 /* AppleMusicSwiftUIApp.swift in Sources */,
				2C89868429D95CFB0084F508 /* Model.swift in Sources */,
			);
			runOnlyForDeploymentPostprocessing = 0;
		};
/* End PBXSourcesBuildPhase section */

/* Begin XCBuildConfiguration section */
		2C89867029D9574B0084F508 /* Debug */ = {
			isa = XCBuildConfiguration;
			buildSettings = {
				ALWAYS_SEARCH_USER_PATHS = NO;
				CLANG_ANALYZER_NONNULL = YES;
				CLANG_ANALYZER_NUMBER_OBJECT_CONVERSION = YES_AGGRESSIVE;
				CLANG_CXX_LANGUAGE_STANDARD = "gnu++20";
				CLANG_ENABLE_MODULES = YES;
				CLANG_ENABLE_OBJC_ARC = YES;
				CLANG_ENABLE_OBJC_WEAK = YES;
				CLANG_WARN_BLOCK_CAPTURE_AUTORELEASING = YES;
				CLANG_WARN_BOOL_CONVERSION = YES;
				CLANG_WARN_COMMA = YES;
				CLANG_WARN_CONSTANT_CONVERSION = YES;
				CLANG_WARN_DEPRECATED_OBJC_IMPLEMENTATIONS = YES;
				CLANG_WARN_DIRECT_OBJC_ISA_USAGE = YES_ERROR;
				CLANG_WARN_DOCUMENTATION_COMMENTS = YES;
				CLANG_WARN_EMPTY_BODY = YES;
				CLANG_WARN_ENUM_CONVERSION = YES;
				CLANG_WARN_INFINITE_RECURSION = YES;
				CLANG_WARN_INT_CONVERSION = YES;
				CLANG_WARN_NON_LITERAL_NULL_CONVERSION = YES;
				CLANG_WARN_OBJC_IMPLICIT_RETAIN_SELF = YES;
				CLANG_WARN_OBJC_LITERAL_CONVERSION = YES;
				CLANG_WARN_OBJC_ROOT_CLASS = YES_ERROR;
				CLANG_WARN_QUOTED_INCLUDE_IN_FRAMEWORK_HEADER = YES;
				CLANG_WARN_RANGE_LOOP_ANALYSIS = YES;
				CLANG_WARN_STRICT_PROTOTYPES = YES;
				CLANG_WARN_SUSPICIOUS_MOVE = YES;
				CLANG_WARN_UNGUARDED_AVAILABILITY = YES_AGGRESSIVE;
				CLANG_WARN_UNREACHABLE_CODE = YES;
				CLANG_WARN__DUPLICATE_METHOD_MATCH = YES;
				COPY_PHASE_STRIP = NO;
				DEBUG_INFORMATION_FORMAT = dwarf;
				ENABLE_STRICT_OBJC_MSGSEND = YES;
				ENABLE_TESTABILITY = YES;
				GCC_C_LANGUAGE_STANDARD = gnu11;
				GCC_DYNAMIC_NO_PIC = NO;
				GCC_NO_COMMON_BLOCKS = YES;
				GCC_OPTIMIZATION_LEVEL = 0;
				GCC_PREPROCESSOR_DEFINITIONS = (
					"DEBUG=1",
					"$(inherited)",
				);
				GCC_WARN_64_TO_32_BIT_CONVERSION = YES;
				GCC_WARN_ABOUT_RETURN_TYPE = YES_ERROR;
				GCC_WARN_UNDECLARED_SELECTOR = YES;
				GCC_WARN_UNINITIALIZED_AUTOS = YES_AGGRESSIVE;
				GCC_WARN_UNUSED_FUNCTION = YES;
				GCC_WARN_UNUSED_VARIABLE = YES;
				IPHONEOS_DEPLOYMENT_TARGET = 16.0;
				MTL_ENABLE_DEBUG_INFO = INCLUDE_SOURCE;
				MTL_FAST_MATH = YES;
				ONLY_ACTIVE_ARCH = YES;
				SDKROOT = iphoneos;
				SWIFT_ACTIVE_COMPILATION_CONDITIONS = DEBUG;
				SWIFT_OPTIMIZATION_LEVEL = "-Onone";
			};
			name = Debug;
		};
		2C89867129D9574B0084F508 /* Release */ = {
			isa = XCBuildConfiguration;
			buildSettings = {
				ALWAYS_SEARCH_USER_PATHS = NO;
				CLANG_ANALYZER_NONNULL = YES;
				CLANG_ANALYZER_NUMBER_OBJECT_CONVERSION = YES_AGGRESSIVE;
				CLANG_CXX_LANGUAGE_STANDARD = "gnu++20";
				CLANG_ENABLE_MODULES = YES;
				CLANG_ENABLE_OBJC_ARC = YES;
				CLANG_ENABLE_OBJC_WEAK = YES;
				CLANG_WARN_BLOCK_CAPTURE_AUTORELEASING = YES;
				CLANG_WARN_BOOL_CONVERSION = YES;
				CLANG_WARN_COMMA = YES;
				CLANG_WARN_CONSTANT_CONVERSION = YES;
				CLANG_WARN_DEPRECATED_OBJC_IMPLEMENTATIONS = YES;
				CLANG_WARN_DIRECT_OBJC_ISA_USAGE = YES_ERROR;
				CLANG_WARN_DOCUMENTATION_COMMENTS = YES;
				CLANG_WARN_EMPTY_BODY = YES;
				CLANG_WARN_ENUM_CONVERSION = YES;
				CLANG_WARN_INFINITE_RECURSION = YES;
				CLANG_WARN_INT_CONVERSION = YES;
				CLANG_WARN_NON_LITERAL_NULL_CONVERSION = YES;
				CLANG_WARN_OBJC_IMPLICIT_RETAIN_SELF = YES;
				CLANG_WARN_OBJC_LITERAL_CONVERSION = YES;
				CLANG_WARN_OBJC_ROOT_CLASS = YES_ERROR;
				CLANG_WARN_QUOTED_INCLUDE_IN_FRAMEWORK_HEADER = YES;
				CLANG_WARN_RANGE_LOOP_ANALYSIS = YES;
				CLANG_WARN_STRICT_PROTOTYPES = YES;
				CLANG_WARN_SUSPICIOUS_MOVE = YES;
				CLANG_WARN_UNGUARDED_AVAILABILITY = YES_AGGRESSIVE;
				CLANG_WARN_UNREACHABLE_CODE = YES;
				CLANG_WARN__DUPLICATE_METHOD_MATCH = YES;
				COPY_PHASE_STRIP = NO;
				DEBUG_INFORMATION_FORMAT = "dwarf-with-dsym";
				ENABLE_NS_ASSERTIONS = NO;
				ENABLE_STRICT_OBJC_MSGSEND = YES;
				GCC_C_LANGUAGE_STANDARD = gnu11;
				GCC_NO_COMMON_BLOCKS = YES;
				GCC_WARN_64_TO_32_BIT_CONVERSION = YES;
				GCC_WARN_ABOUT_RETURN_TYPE = YES_ERROR;
				GCC_WARN_UNDECLARED_SELECTOR = YES;
				GCC_WARN_UNINITIALIZED_AUTOS = YES_AGGRESSIVE;
				GCC_WARN_UNUSED_FUNCTION = YES;
				GCC_WARN_UNUSED_VARIABLE = YES;
				IPHONEOS_DEPLOYMENT_TARGET = 16.0;
				MTL_ENABLE_DEBUG_INFO = NO;
				MTL_FAST_MATH = YES;
				SDKROOT = iphoneos;
				SWIFT_COMPILATION_MODE = wholemodule;
				SWIFT_OPTIMIZATION_LEVEL = "-O";
				VALIDATE_PRODUCT = YES;
			};
			name = Release;
		};
		2C89867329D9574B0084F508 /* Debug */ = {
			isa = XCBuildConfiguration;
			buildSettings = {
				ASSETCATALOG_COMPILER_APPICON_NAME = AppIcon;
				ASSETCATALOG_COMPILER_GLOBAL_ACCENT_COLOR_NAME = AccentColor;
				CODE_SIGN_STYLE = Automatic;
				CURRENT_PROJECT_VERSION = 1;
				DEVELOPMENT_ASSET_PATHS = "\"AppleMusicSwiftUI/Preview Content\"";
				DEVELOPMENT_TEAM = 4K388KFZKH;
				ENABLE_PREVIEWS = YES;
				GENERATE_INFOPLIST_FILE = YES;
				INFOPLIST_KEY_UIApplicationSceneManifest_Generation = YES;
				INFOPLIST_KEY_UIApplicationSupportsIndirectInputEvents = YES;
				INFOPLIST_KEY_UILaunchScreen_Generation = YES;
				INFOPLIST_KEY_UISupportedInterfaceOrientations_iPad = "UIInterfaceOrientationPortrait UIInterfaceOrientationPortraitUpsideDown UIInterfaceOrientationLandscapeLeft UIInterfaceOrientationLandscapeRight";
				INFOPLIST_KEY_UISupportedInterfaceOrientations_iPhone = "UIInterfaceOrientationPortrait UIInterfaceOrientationLandscapeLeft UIInterfaceOrientationLandscapeRight";
				LD_RUNPATH_SEARCH_PATHS = (
					"$(inherited)",
					"@executable_path/Frameworks",
				);
				MARKETING_VERSION = 1.0;
				PRODUCT_BUNDLE_IDENTIFIER = Yz.AppleMusicSwiftUI;
				PRODUCT_NAME = "$(TARGET_NAME)";
				SWIFT_EMIT_LOC_STRINGS = YES;
				SWIFT_VERSION = 5.0;
				TARGETED_DEVICE_FAMILY = "1,2";
			};
			name = Debug;
		};
		2C89867429D9574B0084F508 /* Release */ = {
			isa = XCBuildConfiguration;
			buildSettings = {
				ASSETCATALOG_COMPILER_APPICON_NAME = AppIcon;
				ASSETCATALOG_COMPILER_GLOBAL_ACCENT_COLOR_NAME = AccentColor;
				CODE_SIGN_STYLE = Automatic;
				CURRENT_PROJECT_VERSION = 1;
				DEVELOPMENT_ASSET_PATHS = "\"AppleMusicSwiftUI/Preview Content\"";
				DEVELOPMENT_TEAM = 4K388KFZKH;
				ENABLE_PREVIEWS = YES;
				GENERATE_INFOPLIST_FILE = YES;
				INFOPLIST_KEY_UIApplicationSceneManifest_Generation = YES;
				INFOPLIST_KEY_UIApplicationSupportsIndirectInputEvents = YES;
				INFOPLIST_KEY_UILaunchScreen_Generation = YES;
				INFOPLIST_KEY_UISupportedInterfaceOrientations_iPad = "UIInterfaceOrientationPortrait UIInterfaceOrientationPortraitUpsideDown UIInterfaceOrientationLandscapeLeft UIInterfaceOrientationLandscapeRight";
				INFOPLIST_KEY_UISupportedInterfaceOrientations_iPhone = "UIInterfaceOrientationPortrait UIInterfaceOrientationLandscapeLeft UIInterfaceOrientationLandscapeRight";
				LD_RUNPATH_SEARCH_PATHS = (
					"$(inherited)",
					"@executable_path/Frameworks",
				);
				MARKETING_VERSION = 1.0;
				PRODUCT_BUNDLE_IDENTIFIER = Yz.AppleMusicSwiftUI;
				PRODUCT_NAME = "$(TARGET_NAME)";
				SWIFT_EMIT_LOC_STRINGS = YES;
				SWIFT_VERSION = 5.0;
				TARGETED_DEVICE_FAMILY = "1,2";
			};
			name = Release;
		};
/* End XCBuildConfiguration section */

/* Begin XCConfigurationList section */
		2C89865F29D957490084F508 /* Build configuration list for PBXProject "AppleMusicSwiftUI" */ = {
			isa = XCConfigurationList;
			buildConfigurations = (
				2C89867029D9574B0084F508 /* Debug */,
				2C89867129D9574B0084F508 /* Release */,
			);
			defaultConfigurationIsVisible = 0;
			defaultConfigurationName = Release;
		};
		2C89867229D9574B0084F508 /* Build configuration list for PBXNativeTarget "AppleMusicSwiftUI" */ = {
			isa = XCConfigurationList;
			buildConfigurations = (
				2C89867329D9574B0084F508 /* Debug */,
				2C89867429D9574B0084F508 /* Release */,
			);
			defaultConfigurationIsVisible = 0;
			defaultConfigurationName = Release;
		};
/* End XCConfigurationList section */
	};
	rootObject = 2C89865C29D957490084F508 /* Project object */;
}
